// !$*UTF8*$!
{
	archiveVersion = 1;
	classes = {
	};
	objectVersion = 46;
	objects = {

/* Begin PBXBuildFile section */
		9CBCED36142940A70037DFF4 /* Foundation.framework in Frameworks */ = {isa = PBXBuildFile; fileRef = 9CBCED35142940A70037DFF4 /* Foundation.framework */; };
		9CBCED44142940A70037DFF4 /* SenTestingKit.framework in Frameworks */ = {isa = PBXBuildFile; fileRef = 9CBCED43142940A70037DFF4 /* SenTestingKit.framework */; };
		9CBCED47142940A70037DFF4 /* Foundation.framework in Frameworks */ = {isa = PBXBuildFile; fileRef = 9CBCED35142940A70037DFF4 /* Foundation.framework */; };
		9CBCED4A142940A70037DFF4 /* libVenmoHTTP.a in Frameworks */ = {isa = PBXBuildFile; fileRef = 9CBCED32142940A70037DFF4 /* libVenmoHTTP.a */; };
		9CBCED53142940A70037DFF4 /* VenmoHTTPTests.m in Sources */ = {isa = PBXBuildFile; fileRef = 9CBCED52142940A70037DFF4 /* VenmoHTTPTests.m */; };
		9CBCED5E142948210037DFF4 /* VenmoHTTPJSON.h in Headers */ = {isa = PBXBuildFile; fileRef = 9CBCED5C142948210037DFF4 /* VenmoHTTPJSON.h */; };
		9CBCED5F142948210037DFF4 /* VenmoHTTPJSON.m in Sources */ = {isa = PBXBuildFile; fileRef = 9CBCED5D142948210037DFF4 /* VenmoHTTPJSON.m */; };
		C9015454142976A1004E1D0F /* libOCMock.a in Frameworks */ = {isa = PBXBuildFile; fileRef = C901544F1429756E004E1D0F /* libOCMock.a */; };
/* End PBXBuildFile section */

/* Begin PBXContainerItemProxy section */
		9CBCED48142940A70037DFF4 /* PBXContainerItemProxy */ = {
			isa = PBXContainerItemProxy;
			containerPortal = 9CBCED29142940A70037DFF4 /* Project object */;
			proxyType = 1;
			remoteGlobalIDString = 9CBCED31142940A70037DFF4;
			remoteInfo = VenmoHTTP;
		};
		C901544C1429756E004E1D0F /* PBXContainerItemProxy */ = {
			isa = PBXContainerItemProxy;
			containerPortal = C90154431429756D004E1D0F /* OCMock.xcodeproj */;
			proxyType = 2;
			remoteGlobalIDString = C907176F1421BED300C20915;
			remoteInfo = OCMock;
		};
		C901544E1429756E004E1D0F /* PBXContainerItemProxy */ = {
			isa = PBXContainerItemProxy;
			containerPortal = C90154431429756D004E1D0F /* OCMock.xcodeproj */;
			proxyType = 2;
			remoteGlobalIDString = C907171F1421A05A00C20915;
			remoteInfo = OCMockIOS;
		};
		C90154501429756E004E1D0F /* PBXContainerItemProxy */ = {
			isa = PBXContainerItemProxy;
			containerPortal = C90154431429756D004E1D0F /* OCMock.xcodeproj */;
			proxyType = 2;
			remoteGlobalIDString = 03BF2D3708F1C69500978C59;
			remoteInfo = OCMockTests;
		};
		C9015452142975DC004E1D0F /* PBXContainerItemProxy */ = {
			isa = PBXContainerItemProxy;
			containerPortal = C90154431429756D004E1D0F /* OCMock.xcodeproj */;
			proxyType = 1;
			remoteGlobalIDString = C907171E1421A05A00C20915;
			remoteInfo = OCMockIOS;
		};
/* End PBXContainerItemProxy section */

/* Begin PBXFileReference section */
		9CBCED32142940A70037DFF4 /* libVenmoHTTP.a */ = {isa = PBXFileReference; explicitFileType = archive.ar; includeInIndex = 0; path = libVenmoHTTP.a; sourceTree = BUILT_PRODUCTS_DIR; };
		9CBCED35142940A70037DFF4 /* Foundation.framework */ = {isa = PBXFileReference; lastKnownFileType = wrapper.framework; name = Foundation.framework; path = System/Library/Frameworks/Foundation.framework; sourceTree = SDKROOT; };
		9CBCED39142940A70037DFF4 /* VenmoHTTP-Prefix.pch */ = {isa = PBXFileReference; lastKnownFileType = sourcecode.c.h; path = "VenmoHTTP-Prefix.pch"; sourceTree = "<group>"; };
		9CBCED3A142940A70037DFF4 /* VenmoHTTP.h */ = {isa = PBXFileReference; lastKnownFileType = sourcecode.c.h; path = VenmoHTTP.h; sourceTree = "<group>"; };
		9CBCED42142940A70037DFF4 /* VenmoHTTPTests.octest */ = {isa = PBXFileReference; explicitFileType = wrapper.cfbundle; includeInIndex = 0; path = VenmoHTTPTests.octest; sourceTree = BUILT_PRODUCTS_DIR; };
		9CBCED43142940A70037DFF4 /* SenTestingKit.framework */ = {isa = PBXFileReference; lastKnownFileType = wrapper.framework; name = SenTestingKit.framework; path = Library/Frameworks/SenTestingKit.framework; sourceTree = DEVELOPER_DIR; };
		9CBCED4D142940A70037DFF4 /* VenmoHTTPTests-Info.plist */ = {isa = PBXFileReference; lastKnownFileType = text.plist.xml; path = "VenmoHTTPTests-Info.plist"; sourceTree = "<group>"; };
		9CBCED52142940A70037DFF4 /* VenmoHTTPTests.m */ = {isa = PBXFileReference; lastKnownFileType = sourcecode.c.objc; path = VenmoHTTPTests.m; sourceTree = "<group>"; };
		9CBCED5C142948210037DFF4 /* VenmoHTTPJSON.h */ = {isa = PBXFileReference; fileEncoding = 4; lastKnownFileType = sourcecode.c.h; path = VenmoHTTPJSON.h; sourceTree = "<group>"; };
		9CBCED5D142948210037DFF4 /* VenmoHTTPJSON.m */ = {isa = PBXFileReference; fileEncoding = 4; lastKnownFileType = sourcecode.c.objc; path = VenmoHTTPJSON.m; sourceTree = "<group>"; };
		C90154431429756D004E1D0F /* OCMock.xcodeproj */ = {isa = PBXFileReference; lastKnownFileType = "wrapper.pb-project"; name = OCMock.xcodeproj; path = OCMock/OCMock.xcodeproj; sourceTree = "<group>"; };
		C90CAE361429790100AFBC03 /* VenmoHTTPTests-Prefix.pch */ = {isa = PBXFileReference; lastKnownFileType = sourcecode.c.h; path = "VenmoHTTPTests-Prefix.pch"; sourceTree = "<group>"; };
/* End PBXFileReference section */

/* Begin PBXFrameworksBuildPhase section */
		9CBCED2F142940A70037DFF4 /* Frameworks */ = {
			isa = PBXFrameworksBuildPhase;
			buildActionMask = 2147483647;
			files = (
				9CBCED36142940A70037DFF4 /* Foundation.framework in Frameworks */,
			);
			runOnlyForDeploymentPostprocessing = 0;
		};
		9CBCED3E142940A70037DFF4 /* Frameworks */ = {
			isa = PBXFrameworksBuildPhase;
			buildActionMask = 2147483647;
			files = (
				9CBCED47142940A70037DFF4 /* Foundation.framework in Frameworks */,
				9CBCED44142940A70037DFF4 /* SenTestingKit.framework in Frameworks */,
				9CBCED4A142940A70037DFF4 /* libVenmoHTTP.a in Frameworks */,
				C9015454142976A1004E1D0F /* libOCMock.a in Frameworks */,
			);
			runOnlyForDeploymentPostprocessing = 0;
		};
/* End PBXFrameworksBuildPhase section */

/* Begin PBXGroup section */
		9CBCED27142940A70037DFF4 = {
			isa = PBXGroup;
			children = (
				9CBCED37142940A70037DFF4 /* VenmoHTTP */,
				9CBCED4B142940A70037DFF4 /* VenmoHTTPTests */,
				C901544014297468004E1D0F /* Libraries */,
				9CBCED34142940A70037DFF4 /* Frameworks */,
				9CBCED33142940A70037DFF4 /* Products */,
			);
			sourceTree = "<group>";
		};
		9CBCED33142940A70037DFF4 /* Products */ = {
			isa = PBXGroup;
			children = (
				9CBCED32142940A70037DFF4 /* libVenmoHTTP.a */,
				9CBCED42142940A70037DFF4 /* VenmoHTTPTests.octest */,
			);
			name = Products;
			sourceTree = "<group>";
		};
		9CBCED34142940A70037DFF4 /* Frameworks */ = {
			isa = PBXGroup;
			children = (
				9CBCED35142940A70037DFF4 /* Foundation.framework */,
				9CBCED43142940A70037DFF4 /* SenTestingKit.framework */,
			);
			name = Frameworks;
			sourceTree = "<group>";
		};
		9CBCED37142940A70037DFF4 /* VenmoHTTP */ = {
			isa = PBXGroup;
			children = (
				9CBCED3A142940A70037DFF4 /* VenmoHTTP.h */,
				9CBCED5C142948210037DFF4 /* VenmoHTTPJSON.h */,
				9CBCED5D142948210037DFF4 /* VenmoHTTPJSON.m */,
				9CBCED38142940A70037DFF4 /* Supporting Files */,
			);
			path = VenmoHTTP;
			sourceTree = "<group>";
		};
		9CBCED38142940A70037DFF4 /* Supporting Files */ = {
			isa = PBXGroup;
			children = (
				9CBCED39142940A70037DFF4 /* VenmoHTTP-Prefix.pch */,
			);
			name = "Supporting Files";
			sourceTree = "<group>";
		};
		9CBCED4B142940A70037DFF4 /* VenmoHTTPTests */ = {
			isa = PBXGroup;
			children = (
				9CBCED52142940A70037DFF4 /* VenmoHTTPTests.m */,
				9CBCED4C142940A70037DFF4 /* Supporting Files */,
			);
			path = VenmoHTTPTests;
			sourceTree = "<group>";
		};
		9CBCED4C142940A70037DFF4 /* Supporting Files */ = {
			isa = PBXGroup;
			children = (
				9CBCED4D142940A70037DFF4 /* VenmoHTTPTests-Info.plist */,
				C90CAE361429790100AFBC03 /* VenmoHTTPTests-Prefix.pch */,
			);
			name = "Supporting Files";
			sourceTree = "<group>";
		};
		C901544014297468004E1D0F /* Libraries */ = {
			isa = PBXGroup;
			children = (
				C90154431429756D004E1D0F /* OCMock.xcodeproj */,
			);
			path = Libraries;
			sourceTree = "<group>";
		};
		C90154441429756D004E1D0F /* Products */ = {
			isa = PBXGroup;
			children = (
				C901544D1429756E004E1D0F /* OCMock.framework */,
				C901544F1429756E004E1D0F /* libOCMock.a */,
				C90154511429756E004E1D0F /* OCMockTests.octest */,
			);
			name = Products;
			sourceTree = "<group>";
		};
/* End PBXGroup section */

/* Begin PBXHeadersBuildPhase section */
		9CBCED30142940A70037DFF4 /* Headers */ = {
			isa = PBXHeadersBuildPhase;
			buildActionMask = 2147483647;
			files = (
				9CBCED5E142948210037DFF4 /* VenmoHTTPJSON.h in Headers */,
			);
			runOnlyForDeploymentPostprocessing = 0;
		};
/* End PBXHeadersBuildPhase section */

/* Begin PBXNativeTarget section */
		9CBCED31142940A70037DFF4 /* VenmoHTTP */ = {
			isa = PBXNativeTarget;
			buildConfigurationList = 9CBCED56142940A70037DFF4 /* Build configuration list for PBXNativeTarget "VenmoHTTP" */;
			buildPhases = (
				9CBCED2E142940A70037DFF4 /* Sources */,
				9CBCED2F142940A70037DFF4 /* Frameworks */,
				9CBCED30142940A70037DFF4 /* Headers */,
			);
			buildRules = (
			);
			dependencies = (
			);
			name = VenmoHTTP;
			productName = VenmoHTTP;
			productReference = 9CBCED32142940A70037DFF4 /* libVenmoHTTP.a */;
			productType = "com.apple.product-type.library.static";
		};
		9CBCED41142940A70037DFF4 /* VenmoHTTPTests */ = {
			isa = PBXNativeTarget;
			buildConfigurationList = 9CBCED59142940A70037DFF4 /* Build configuration list for PBXNativeTarget "VenmoHTTPTests" */;
			buildPhases = (
				9CBCED3D142940A70037DFF4 /* Sources */,
				9CBCED3E142940A70037DFF4 /* Frameworks */,
				9CBCED3F142940A70037DFF4 /* Resources */,
				9CBCED40142940A70037DFF4 /* ShellScript */,
			);
			buildRules = (
			);
			dependencies = (
				C9015453142975DC004E1D0F /* PBXTargetDependency */,
				9CBCED49142940A70037DFF4 /* PBXTargetDependency */,
			);
			name = VenmoHTTPTests;
			productName = VenmoHTTPTests;
			productReference = 9CBCED42142940A70037DFF4 /* VenmoHTTPTests.octest */;
			productType = "com.apple.product-type.bundle";
		};
/* End PBXNativeTarget section */

/* Begin PBXProject section */
		9CBCED29142940A70037DFF4 /* Project object */ = {
			isa = PBXProject;
			attributes = {
				LastUpgradeCheck = 0420;
			};
			buildConfigurationList = 9CBCED2C142940A70037DFF4 /* Build configuration list for PBXProject "VenmoHTTP" */;
			compatibilityVersion = "Xcode 3.2";
			developmentRegion = English;
			hasScannedForEncodings = 0;
			knownRegions = (
				en,
			);
			mainGroup = 9CBCED27142940A70037DFF4;
			productRefGroup = 9CBCED33142940A70037DFF4 /* Products */;
			projectDirPath = "";
			projectReferences = (
				{
					ProductGroup = C90154441429756D004E1D0F /* Products */;
					ProjectRef = C90154431429756D004E1D0F /* OCMock.xcodeproj */;
				},
			);
			projectRoot = "";
			targets = (
				9CBCED31142940A70037DFF4 /* VenmoHTTP */,
				9CBCED41142940A70037DFF4 /* VenmoHTTPTests */,
			);
		};
/* End PBXProject section */

/* Begin PBXReferenceProxy section */
		C901544D1429756E004E1D0F /* OCMock.framework */ = {
			isa = PBXReferenceProxy;
			fileType = wrapper.framework;
			path = OCMock.framework;
			remoteRef = C901544C1429756E004E1D0F /* PBXContainerItemProxy */;
			sourceTree = BUILT_PRODUCTS_DIR;
		};
		C901544F1429756E004E1D0F /* libOCMock.a */ = {
			isa = PBXReferenceProxy;
			fileType = archive.ar;
			path = libOCMock.a;
			remoteRef = C901544E1429756E004E1D0F /* PBXContainerItemProxy */;
			sourceTree = BUILT_PRODUCTS_DIR;
		};
		C90154511429756E004E1D0F /* OCMockTests.octest */ = {
			isa = PBXReferenceProxy;
			fileType = wrapper.cfbundle;
			path = OCMockTests.octest;
			remoteRef = C90154501429756E004E1D0F /* PBXContainerItemProxy */;
			sourceTree = BUILT_PRODUCTS_DIR;
		};
/* End PBXReferenceProxy section */

/* Begin PBXResourcesBuildPhase section */
		9CBCED3F142940A70037DFF4 /* Resources */ = {
			isa = PBXResourcesBuildPhase;
			buildActionMask = 2147483647;
			files = (
			);
			runOnlyForDeploymentPostprocessing = 0;
		};
/* End PBXResourcesBuildPhase section */

/* Begin PBXShellScriptBuildPhase section */
		9CBCED40142940A70037DFF4 /* ShellScript */ = {
			isa = PBXShellScriptBuildPhase;
			buildActionMask = 2147483647;
			files = (
			);
			inputPaths = (
			);
			outputPaths = (
			);
			runOnlyForDeploymentPostprocessing = 0;
			shellPath = /bin/sh;
			shellScript = "# Run the unit tests in this test bundle.\n\"${SYSTEM_DEVELOPER_DIR}/Tools/RunUnitTests\"\n";
		};
/* End PBXShellScriptBuildPhase section */

/* Begin PBXSourcesBuildPhase section */
		9CBCED2E142940A70037DFF4 /* Sources */ = {
			isa = PBXSourcesBuildPhase;
			buildActionMask = 2147483647;
			files = (
				9CBCED5F142948210037DFF4 /* VenmoHTTPJSON.m in Sources */,
			);
			runOnlyForDeploymentPostprocessing = 0;
		};
		9CBCED3D142940A70037DFF4 /* Sources */ = {
			isa = PBXSourcesBuildPhase;
			buildActionMask = 2147483647;
			files = (
				9CBCED53142940A70037DFF4 /* VenmoHTTPTests.m in Sources */,
			);
			runOnlyForDeploymentPostprocessing = 0;
		};
/* End PBXSourcesBuildPhase section */

/* Begin PBXTargetDependency section */
		9CBCED49142940A70037DFF4 /* PBXTargetDependency */ = {
			isa = PBXTargetDependency;
			target = 9CBCED31142940A70037DFF4 /* VenmoHTTP */;
			targetProxy = 9CBCED48142940A70037DFF4 /* PBXContainerItemProxy */;
		};
		C9015453142975DC004E1D0F /* PBXTargetDependency */ = {
			isa = PBXTargetDependency;
			name = OCMockIOS;
			targetProxy = C9015452142975DC004E1D0F /* PBXContainerItemProxy */;
		};
/* End PBXTargetDependency section */

/* Begin XCBuildConfiguration section */
		9CBCED54142940A70037DFF4 /* Debug */ = {
			isa = XCBuildConfiguration;
			buildSettings = {
				ALWAYS_SEARCH_USER_PATHS = NO;
				ARCHS = "$(ARCHS_STANDARD_32_BIT)";
				CLANG_ENABLE_OBJC_ARC = YES;
				COPY_PHASE_STRIP = NO;
				GCC_C_LANGUAGE_STANDARD = gnu99;
				GCC_DYNAMIC_NO_PIC = NO;
				GCC_OPTIMIZATION_LEVEL = 0;
				GCC_PREPROCESSOR_DEFINITIONS = (
					"DEBUG=1",
					"$(inherited)",
				);
				GCC_SYMBOLS_PRIVATE_EXTERN = NO;
				GCC_VERSION = com.apple.compilers.llvm.clang.1_0;
				GCC_WARN_ABOUT_MISSING_PROTOTYPES = YES;
				GCC_WARN_ABOUT_RETURN_TYPE = YES;
				GCC_WARN_UNUSED_VARIABLE = YES;
				IPHONEOS_DEPLOYMENT_TARGET = 5.0;
				SDKROOT = iphoneos;
			};
			name = Debug;
		};
		9CBCED55142940A70037DFF4 /* Release */ = {
			isa = XCBuildConfiguration;
			buildSettings = {
				ALWAYS_SEARCH_USER_PATHS = NO;
				ARCHS = "$(ARCHS_STANDARD_32_BIT)";
				CLANG_ENABLE_OBJC_ARC = YES;
				COPY_PHASE_STRIP = YES;
				GCC_C_LANGUAGE_STANDARD = gnu99;
				GCC_PREPROCESSOR_DEFINITIONS = "NS_BLOCK_ASSERTIONS=1";
				GCC_VERSION = com.apple.compilers.llvm.clang.1_0;
				GCC_WARN_ABOUT_MISSING_PROTOTYPES = YES;
				GCC_WARN_ABOUT_RETURN_TYPE = YES;
				GCC_WARN_UNUSED_VARIABLE = YES;
				IPHONEOS_DEPLOYMENT_TARGET = 5.0;
				SDKROOT = iphoneos;
				VALIDATE_PRODUCT = YES;
			};
			name = Release;
		};
		9CBCED57142940A70037DFF4 /* Debug */ = {
			isa = XCBuildConfiguration;
			buildSettings = {
				DSTROOT = /tmp/VenmoHTTP.dst;
				GCC_PRECOMPILE_PREFIX_HEADER = YES;
				GCC_PREFIX_HEADER = "VenmoHTTP/VenmoHTTP-Prefix.pch";
				OTHER_LDFLAGS = "-ObjC";
				PRODUCT_NAME = "$(TARGET_NAME)";
				SKIP_INSTALL = YES;
			};
			name = Debug;
		};
		9CBCED58142940A70037DFF4 /* Release */ = {
			isa = XCBuildConfiguration;
			buildSettings = {
				DSTROOT = /tmp/VenmoHTTP.dst;
				GCC_PRECOMPILE_PREFIX_HEADER = YES;
				GCC_PREFIX_HEADER = "VenmoHTTP/VenmoHTTP-Prefix.pch";
				OTHER_LDFLAGS = "-ObjC";
				PRODUCT_NAME = "$(TARGET_NAME)";
				SKIP_INSTALL = YES;
			};
			name = Release;
		};
		9CBCED5A142940A70037DFF4 /* Debug */ = {
			isa = XCBuildConfiguration;
			buildSettings = {
				FRAMEWORK_SEARCH_PATHS = (
					"$(SDKROOT)/Developer/Library/Frameworks",
					"$(DEVELOPER_LIBRARY_DIR)/Frameworks",
				);
				GCC_PRECOMPILE_PREFIX_HEADER = YES;
				GCC_PREFIX_HEADER = "VenmoHTTPTests/VenmoHTTPTests-Prefix.pch";
				HEADER_SEARCH_PATHS = Libraries/OCMock;
				INFOPLIST_FILE = "VenmoHTTPTests/VenmoHTTPTests-Info.plist";
				OTHER_LDFLAGS = (
					"-ObjC",
					"-force_load",
					"${BUILT_PRODUCTS_DIR}/libOCMock.a",
				);
				PRODUCT_NAME = "$(TARGET_NAME)";
				WRAPPER_EXTENSION = octest;
			};
			name = Debug;
		};
		9CBCED5B142940A70037DFF4 /* Release */ = {
			isa = XCBuildConfiguration;
			buildSettings = {
				FRAMEWORK_SEARCH_PATHS = (
					"$(SDKROOT)/Developer/Library/Frameworks",
					"$(DEVELOPER_LIBRARY_DIR)/Frameworks",
				);
				GCC_PRECOMPILE_PREFIX_HEADER = YES;
				GCC_PREFIX_HEADER = "VenmoHTTPTests/VenmoHTTPTests-Prefix.pch";
				HEADER_SEARCH_PATHS = Libraries/OCMock;
				INFOPLIST_FILE = "VenmoHTTPTests/VenmoHTTPTests-Info.plist";
				OTHER_LDFLAGS = (
					"-ObjC",
					"-force_load",
					"${BUILT_PRODUCTS_DIR}/libOCMock.a",
				);
				PRODUCT_NAME = "$(TARGET_NAME)";
				WRAPPER_EXTENSION = octest;
			};
			name = Release;
		};
/* End XCBuildConfiguration section */

/* Begin XCConfigurationList section */
		9CBCED2C142940A70037DFF4 /* Build configuration list for PBXProject "VenmoHTTP" */ = {
			isa = XCConfigurationList;
			buildConfigurations = (
				9CBCED54142940A70037DFF4 /* Debug */,
				9CBCED55142940A70037DFF4 /* Release */,
			);
			defaultConfigurationIsVisible = 0;
			defaultConfigurationName = Release;
		};
		9CBCED56142940A70037DFF4 /* Build configuration list for PBXNativeTarget "VenmoHTTP" */ = {
			isa = XCConfigurationList;
			buildConfigurations = (
				9CBCED57142940A70037DFF4 /* Debug */,
				9CBCED58142940A70037DFF4 /* Release */,
			);
			defaultConfigurationIsVisible = 0;
			defaultConfigurationName = Release;
		};
		9CBCED59142940A70037DFF4 /* Build configuration list for PBXNativeTarget "VenmoHTTPTests" */ = {
			isa = XCConfigurationList;
			buildConfigurations = (
				9CBCED5A142940A70037DFF4 /* Debug */,
				9CBCED5B142940A70037DFF4 /* Release */,
			);
			defaultConfigurationIsVisible = 0;
			defaultConfigurationName = Release;
		};
/* End XCConfigurationList section */
	};
	rootObject = 9CBCED29142940A70037DFF4 /* Project object */;
}
